// !$*UTF8*$!
{
	archiveVersion = 1;
	classes = {
	};
	objectVersion = 50;
	objects = {

/* Begin PBXBuildFile section */
		941FCF472510E6230042F518 /* AppDelegate.swift in Sources */ = {isa = PBXBuildFile; fileRef = 941FCF462510E6230042F518 /* AppDelegate.swift */; };
		941FCF492510E6230042F518 /* SceneDelegate.swift in Sources */ = {isa = PBXBuildFile; fileRef = 941FCF482510E6230042F518 /* SceneDelegate.swift */; };
		941FCF4B2510E6230042F518 /* ContentView.swift in Sources */ = {isa = PBXBuildFile; fileRef = 941FCF4A2510E6230042F518 /* ContentView.swift */; };
		941FCF4D2510E6250042F518 /* Assets.xcassets in Resources */ = {isa = PBXBuildFile; fileRef = 941FCF4C2510E6250042F518 /* Assets.xcassets */; };
		941FCF502510E6250042F518 /* Preview Assets.xcassets in Resources */ = {isa = PBXBuildFile; fileRef = 941FCF4F2510E6250042F518 /* Preview Assets.xcassets */; };
		941FCF532510E6250042F518 /* LaunchScreen.storyboard in Resources */ = {isa = PBXBuildFile; fileRef = 941FCF512510E6250042F518 /* LaunchScreen.storyboard */; };
		941FCF5B2510E6790042F518 /* LoadingRectangle.swift in Sources */ = {isa = PBXBuildFile; fileRef = 941FCF5A2510E6790042F518 /* LoadingRectangle.swift */; };
		941FCF6E2510EB320042F518 /* StoryTimer.swift in Sources */ = {isa = PBXBuildFile; fileRef = 941FCF6D2510EB320042F518 /* StoryTimer.swift */; };
/* End PBXBuildFile section */

/* Begin PBXFileReference section */
		941FCF432510E6230042F518 /* InstaLoadingView.app */ = {isa = PBXFileReference; explicitFileType = wrapper.application; includeInIndex = 0; path = InstaLoadingView.app; sourceTree = BUILT_PRODUCTS_DIR; };
		941FCF462510E6230042F518 /* AppDelegate.swift */ = {isa = PBXFileReference; lastKnownFileType = sourcecode.swift; path = AppDelegate.swift; sourceTree = "<group>"; };
		941FCF482510E6230042F518 /* SceneDelegate.swift */ = {isa = PBXFileReference; lastKnownFileType = sourcecode.swift; path = SceneDelegate.swift; sourceTree = "<group>"; };
		941FCF4A2510E6230042F518 /* ContentView.swift */ = {isa = PBXFileReference; lastKnownFileType = sourcecode.swift; path = ContentView.swift; sourceTree = "<group>"; };
		941FCF4C2510E6250042F518 /* Assets.xcassets */ = {isa = PBXFileReference; lastKnownFileType = folder.assetcatalog; path = Assets.xcassets; sourceTree = "<group>"; };
		941FCF4F2510E6250042F518 /* Preview Assets.xcassets */ = {isa = PBXFileReference; lastKnownFileType = folder.assetcatalog; path = "Preview Assets.xcassets"; sourceTree = "<group>"; };
		941FCF522510E6250042F518 /* Base */ = {isa = PBXFileReference; lastKnownFileType = file.storyboard; name = Base; path = Base.lproj/LaunchScreen.storyboard; sourceTree = "<group>"; };
		941FCF542510E6250042F518 /* Info.plist */ = {isa = PBXFileReference; lastKnownFileType = text.plist.xml; path = Info.plist; sourceTree = "<group>"; };
		941FCF5A2510E6790042F518 /* LoadingRectangle.swift */ = {isa = PBXFileReference; lastKnownFileType = sourcecode.swift; path = LoadingRectangle.swift; sourceTree = "<group>"; };
		941FCF6D2510EB320042F518 /* StoryTimer.swift */ = {isa = PBXFileReference; lastKnownFileType = sourcecode.swift; path = StoryTimer.swift; sourceTree = "<group>"; };
/* End PBXFileReference section */

/* Begin PBXFrameworksBuildPhase section */
		941FCF402510E6230042F518 /* Frameworks */ = {
			isa = PBXFrameworksBuildPhase;
			buildActionMask = 2147483647;
			files = (
			);
			runOnlyForDeploymentPostprocessing = 0;
		};
/* End PBXFrameworksBuildPhase section */

/* Begin PBXGroup section */
		941FCF3A2510E6230042F518 = {
			isa = PBXGroup;
			children = (
				941FCF452510E6230042F518 /* InstaLoadingView */,
				941FCF442510E6230042F518 /* Products */,
			);
			sourceTree = "<group>";
		};
		941FCF442510E6230042F518 /* Products */ = {
			isa = PBXGroup;
			children = (
				941FCF432510E6230042F518 /* InstaLoadingView.app */,
			);
			name = Products;
			sourceTree = "<group>";
		};
		941FCF452510E6230042F518 /* InstaLoadingView */ = {
			isa = PBXGroup;
			children = (
				941FCF462510E6230042F518 /* AppDelegate.swift */,
				941FCF482510E6230042F518 /* SceneDelegate.swift */,
				941FCF4A2510E6230042F518 /* ContentView.swift */,
				941FCF5A2510E6790042F518 /* LoadingRectangle.swift */,
				941FCF6D2510EB320042F518 /* StoryTimer.swift */,
				941FCF4C2510E6250042F518 /* Assets.xcassets */,
				941FCF512510E6250042F518 /* LaunchScreen.storyboard */,
				941FCF542510E6250042F518 /* Info.plist */,
				941FCF4E2510E6250042F518 /* Preview Content */,
			);
			path = InstaLoadingView;
			sourceTree = "<group>";
		};
		941FCF4E2510E6250042F518 /* Preview Content */ = {
			isa = PBXGroup;
			children = (
				941FCF4F2510E6250042F518 /* Preview Assets.xcassets */,
			);
			path = "Preview Content";
			sourceTree = "<group>";
		};
/* End PBXGroup section */

/* Begin PBXNativeTarget section */
		941FCF422510E6230042F518 /* InstaLoadingView */ = {
			isa = PBXNativeTarget;
			buildConfigurationList = 941FCF572510E6250042F518 /* Build configuration list for PBXNativeTarget "InstaLoadingView" */;
			buildPhases = (
				941FCF3F2510E6230042F518 /* Sources */,
				941FCF402510E6230042F518 /* Frameworks */,
				941FCF412510E6230042F518 /* Resources */,
			);
			buildRules = (
			);
			dependencies = (
			);
			name = InstaLoadingView;
			productName = InstaLoadingView;
			productReference = 941FCF432510E6230042F518 /* InstaLoadingView.app */;
			productType = "com.apple.product-type.application";
		};
/* End PBXNativeTarget section */

/* Begin PBXProject section */
		941FCF3B2510E6230042F518 /* Project object */ = {
			isa = PBXProject;
			attributes = {
				LastSwiftUpdateCheck = 1170;
				LastUpgradeCheck = 1170;
				ORGANIZATIONNAME = jinhyuk;
				TargetAttributes = {
					941FCF422510E6230042F518 = {
						CreatedOnToolsVersion = 11.7;
					};
				};
			};
			buildConfigurationList = 941FCF3E2510E6230042F518 /* Build configuration list for PBXProject "InstaLoadingView" */;
			compatibilityVersion = "Xcode 9.3";
			developmentRegion = en;
			hasScannedForEncodings = 0;
			knownRegions = (
				en,
				Base,
			);
			mainGroup = 941FCF3A2510E6230042F518;
			productRefGroup = 941FCF442510E6230042F518 /* Products */;
			projectDirPath = "";
			projectRoot = "";
			targets = (
				941FCF422510E6230042F518 /* InstaLoadingView */,
			);
		};
/* End PBXProject section */

/* Begin PBXResourcesBuildPhase section */
		941FCF412510E6230042F518 /* Resources */ = {
			isa = PBXResourcesBuildPhase;
			buildActionMask = 2147483647;
			files = (
				941FCF532510E6250042F518 /* LaunchScreen.storyboard in Resources */,
				941FCF502510E6250042F518 /* Preview Assets.xcassets in Resources */,
				941FCF4D2510E6250042F518 /* Assets.xcassets in Resources */,
			);
			runOnlyForDeploymentPostprocessing = 0;
		};
/* End PBXResourcesBuildPhase section */

/* Begin PBXSourcesBuildPhase section */
		941FCF3F2510E6230042F518 /* Sources */ = {
			isa = PBXSourcesBuildPhase;
			buildActionMask = 2147483647;
			files = (
				941FCF5B2510E6790042F518 /* LoadingRectangle.swift in Sources */,
				941FCF472510E6230042F518 /* AppDelegate.swift in Sources */,
				941FCF492510E6230042F518 /* SceneDelegate.swift in Sources */,
				941FCF6E2510EB320042F518 /* StoryTimer.swift in Sources */,
				941FCF4B2510E6230042F518 /* ContentView.swift in Sources */,
			);
			runOnlyForDeploymentPostprocessing = 0;
		};
/* End PBXSourcesBuildPhase section */

/* Begin PBXVariantGroup section */
		941FCF512510E6250042F518 /* LaunchScreen.storyboard */ = {
			isa = PBXVariantGroup;
			children = (
				941FCF522510E6250042F518 /* Base */,
			);
			name = LaunchScreen.storyboard;
			sourceTree = "<group>";
		};
/* End PBXVariantGroup section */

/* Begin XCBuildConfiguration section */
		941FCF552510E6250042F518 /* Debug */ = {
			isa = XCBuildConfiguration;
			buildSettings = {
				ALWAYS_SEARCH_USER_PATHS = NO;
				CLANG_ANALYZER_NONNULL = YES;
				CLANG_ANALYZER_NUMBER_OBJECT_CONVERSION = YES_AGGRESSIVE;
				CLANG_CXX_LANGUAGE_STANDARD = "gnu++14";
				CLANG_CXX_LIBRARY = "libc++";
				CLANG_ENABLE_MODULES = YES;
				CLANG_ENABLE_OBJC_ARC = YES;
				CLANG_ENABLE_OBJC_WEAK = YES;
				CLANG_WARN_BLOCK_CAPTURE_AUTORELEASING = YES;
				CLANG_WARN_BOOL_CONVERSION = YES;
				CLANG_WARN_COMMA = YES;
				CLANG_WARN_CONSTANT_CONVERSION = YES;
				CLANG_WARN_DEPRECATED_OBJC_IMPLEMENTATIONS = YES;
				CLANG_WARN_DIRECT_OBJC_ISA_USAGE = YES_ERROR;
				CLANG_WARN_DOCUMENTATION_COMMENTS = YES;
				CLANG_WARN_EMPTY_BODY = YES;
				CLANG_WARN_ENUM_CONVERSION = YES;
				CLANG_WARN_INFINITE_RECURSION = YES;
				CLANG_WARN_INT_CONVERSION = YES;
				CLANG_WARN_NON_LITERAL_NULL_CONVERSION = YES;
				CLANG_WARN_OBJC_IMPLICIT_RETAIN_SELF = YES;
				CLANG_WARN_OBJC_LITERAL_CONVERSION = YES;
				CLANG_WARN_OBJC_ROOT_CLASS = YES_ERROR;
				CLANG_WARN_RANGE_LOOP_ANALYSIS = YES;
				CLANG_WARN_STRICT_PROTOTYPES = YES;
				CLANG_WARN_SUSPICIOUS_MOVE = YES;
				CLANG_WARN_UNGUARDED_AVAILABILITY = YES_AGGRESSIVE;
				CLANG_WARN_UNREACHABLE_CODE = YES;
				CLANG_WARN__DUPLICATE_METHOD_MATCH = YES;
				COPY_PHASE_STRIP = NO;
				DEBUG_INFORMATION_FORMAT = dwarf;
				ENABLE_STRICT_OBJC_MSGSEND = YES;
				ENABLE_TESTABILITY = YES;
				GCC_C_LANGUAGE_STANDARD = gnu11;
				GCC_DYNAMIC_NO_PIC = NO;
				GCC_NO_COMMON_BLOCKS = YES;
				GCC_OPTIMIZATION_LEVEL = 0;
				GCC_PREPROCESSOR_DEFINITIONS = (
					"DEBUG=1",
					"$(inherited)",
				);
				GCC_WARN_64_TO_32_BIT_CONVERSION = YES;
				GCC_WARN_ABOUT_RETURN_TYPE = YES_ERROR;
				GCC_WARN_UNDECLARED_SELECTOR = YES;
				GCC_WARN_UNINITIALIZED_AUTOS = YES_AGGRESSIVE;
				GCC_WARN_UNUSED_FUNCTION = YES;
				GCC_WARN_UNUSED_VARIABLE = YES;
				IPHONEOS_DEPLOYMENT_TARGET = 13.7;
				MTL_ENABLE_DEBUG_INFO = INCLUDE_SOURCE;
				MTL_FAST_MATH = YES;
				ONLY_ACTIVE_ARCH = YES;
				SDKROOT = iphoneos;
				SWIFT_ACTIVE_COMPILATION_CONDITIONS = DEBUG;
				SWIFT_OPTIMIZATION_LEVEL = "-Onone";
			};
			name = Debug;
		};
		941FCF562510E6250042F518 /* Release */ = {
			isa = XCBuildConfiguration;
			buildSettings = {
				ALWAYS_SEARCH_USER_PATHS = NO;
				CLANG_ANALYZER_NONNULL = YES;
				CLANG_ANALYZER_NUMBER_OBJECT_CONVERSION = YES_AGGRESSIVE;
				CLANG_CXX_LANGUAGE_STANDARD = "gnu++14";
				CLANG_CXX_LIBRARY = "libc++";
				CLANG_ENABLE_MODULES = YES;
				CLANG_ENABLE_OBJC_ARC = YES;
				CLANG_ENABLE_OBJC_WEAK = YES;
				CLANG_WARN_BLOCK_CAPTURE_AUTORELEASING = YES;
				CLANG_WARN_BOOL_CONVERSION = YES;
				CLANG_WARN_COMMA = YES;
				CLANG_WARN_CONSTANT_CONVERSION = YES;
				CLANG_WARN_DEPRECATED_OBJC_IMPLEMENTATIONS = YES;
				CLANG_WARN_DIRECT_OBJC_ISA_USAGE = YES_ERROR;
				CLANG_WARN_DOCUMENTATION_COMMENTS = YES;
				CLANG_WARN_EMPTY_BODY = YES;
				CLANG_WARN_ENUM_CONVERSION = YES;
				CLANG_WARN_INFINITE_RECURSION = YES;
				CLANG_WARN_INT_CONVERSION = YES;
				CLANG_WARN_NON_LITERAL_NULL_CONVERSION = YES;
				CLANG_WARN_OBJC_IMPLICIT_RETAIN_SELF = YES;
				CLANG_WARN_OBJC_LITERAL_CONVERSION = YES;
				CLANG_WARN_OBJC_ROOT_CLASS = YES_ERROR;
				CLANG_WARN_RANGE_LOOP_ANALYSIS = YES;
				CLANG_WARN_STRICT_PROTOTYPES = YES;
				CLANG_WARN_SUSPICIOUS_MOVE = YES;
				CLANG_WARN_UNGUARDED_AVAILABILITY = YES_AGGRESSIVE;
				CLANG_WARN_UNREACHABLE_CODE = YES;
				CLANG_WARN__DUPLICATE_METHOD_MATCH = YES;
				COPY_PHASE_STRIP = NO;
				DEBUG_INFORMATION_FORMAT = "dwarf-with-dsym";
				ENABLE_NS_ASSERTIONS = NO;
				ENABLE_STRICT_OBJC_MSGSEND = YES;
				GCC_C_LANGUAGE_STANDARD = gnu11;
				GCC_NO_COMMON_BLOCKS = YES;
				GCC_WARN_64_TO_32_BIT_CONVERSION = YES;
				GCC_WARN_ABOUT_RETURN_TYPE = YES_ERROR;
				GCC_WARN_UNDECLARED_SELECTOR = YES;
				GCC_WARN_UNINITIALIZED_AUTOS = YES_AGGRESSIVE;
				GCC_WARN_UNUSED_FUNCTION = YES;
				GCC_WARN_UNUSED_VARIABLE = YES;
				IPHONEOS_DEPLOYMENT_TARGET = 13.7;
				MTL_ENABLE_DEBUG_INFO = NO;
				MTL_FAST_MATH = YES;
				SDKROOT = iphoneos;
				SWIFT_COMPILATION_MODE = wholemodule;
				SWIFT_OPTIMIZATION_LEVEL = "-O";
				VALIDATE_PRODUCT = YES;
			};
			name = Release;
		};
		941FCF582510E6250042F518 /* Debug */ = {
			isa = XCBuildConfiguration;
			buildSettings = {
				ASSETCATALOG_COMPILER_APPICON_NAME = AppIcon;
				CODE_SIGN_STYLE = Automatic;
				DEVELOPMENT_ASSET_PATHS = "\"InstaLoadingView/Preview Content\"";
				DEVELOPMENT_TEAM = RTPYYR7K8H;
				ENABLE_PREVIEWS = YES;
				INFOPLIST_FILE = InstaLoadingView/Info.plist;
				LD_RUNPATH_SEARCH_PATHS = (
					"$(inherited)",
					"@executable_path/Frameworks",
				);
				PRODUCT_BUNDLE_IDENTIFIER = jang.jinyuk.InstaLoadingView;
				PRODUCT_NAME = "$(TARGET_NAME)";
				SWIFT_VERSION = 5.0;
				TARGETED_DEVICE_FAMILY = "1,2";
			};
			name = Debug;
		};
		941FCF592510E6250042F518 /* Release */ = {
			isa = XCBuildConfiguration;
			buildSettings = {
				ASSETCATALOG_COMPILER_APPICON_NAME = AppIcon;
				CODE_SIGN_STYLE = Automatic;
				DEVELOPMENT_ASSET_PATHS = "\"InstaLoadingView/Preview Content\"";
				DEVELOPMENT_TEAM = RTPYYR7K8H;
				ENABLE_PREVIEWS = YES;
				INFOPLIST_FILE = InstaLoadingView/Info.plist;
				LD_RUNPATH_SEARCH_PATHS = (
					"$(inherited)",
					"@executable_path/Frameworks",
				);
				PRODUCT_BUNDLE_IDENTIFIER = jang.jinyuk.InstaLoadingView;
				PRODUCT_NAME = "$(TARGET_NAME)";
				SWIFT_VERSION = 5.0;
				TARGETED_DEVICE_FAMILY = "1,2";
			};
			name = Release;
		};
/* End XCBuildConfiguration section */

/* Begin XCConfigurationList section */
		941FCF3E2510E6230042F518 /* Build configuration list for PBXProject "InstaLoadingView" */ = {
			isa = XCConfigurationList;
			buildConfigurations = (
				941FCF552510E6250042F518 /* Debug */,
				941FCF562510E6250042F518 /* Release */,
			);
			defaultConfigurationIsVisible = 0;
			defaultConfigurationName = Release;
		};
		941FCF572510E6250042F518 /* Build configuration list for PBXNativeTarget "InstaLoadingView" */ = {
			isa = XCConfigurationList;
			buildConfigurations = (
				941FCF582510E6250042F518 /* Debug */,
				941FCF592510E6250042F518 /* Release */,
			);
			defaultConfigurationIsVisible = 0;
			defaultConfigurationName = Release;
		};
/* End XCConfigurationList section */
	};
	rootObject = 941FCF3B2510E6230042F518 /* Project object */;
}
